
Microsoft Visual Studio Solution File, Format Version 11.00
# Visual Studio 2010
Project("{FAE04EC0-301F-11D3-BF4B-00C04F79EFBC}") = "tokyosouls", "Assembly-CSharp-firstpass.csproj", "{8D6FFC08-9F0F-8A31-8B6C-9AEC9A8717D7}"
EndProject
Project("{FAE04EC0-301F-11D3-BF4B-00C04F79EFBC}") = "tokyosouls", "Assembly-CSharp.csproj", "{31CD1EF0-1ADF-8E42-E33E-1FC59C8564F3}"
EndProject
Project("{FAE04EC0-301F-11D3-BF4B-00C04F79EFBC}") = "tokyosouls", "Assembly-CSharp-Editor.csproj", "{27745D6C-CC0F-3AD6-BD96-067FDA93C571}"
EndProject
Global
	GlobalSection(SolutionConfigurationPlatforms) = preSolution
		Debug|Any CPU = Debug|Any CPU
		Release|Any CPU = Release|Any CPU
	EndGlobalSection
	GlobalSection(ProjectConfigurationPlatforms) = postSolution
		{8D6FFC08-9F0F-8A31-8B6C-9AEC9A8717D7}.Debug|Any CPU.ActiveCfg = Debug|Any CPU
		{8D6FFC08-9F0F-8A31-8B6C-9AEC9A8717D7}.Debug|Any CPU.Build.0 = Debug|Any CPU
		{8D6FFC08-9F0F-8A31-8B6C-9AEC9A8717D7}.Release|Any CPU.ActiveCfg = Release|Any CPU
		{8D6FFC08-9F0F-8A31-8B6C-9AEC9A8717D7}.Release|Any CPU.Build.0 = Release|Any CPU
		{31CD1EF0-1ADF-8E42-E33E-1FC59C8564F3}.Debug|Any CPU.ActiveCfg = Debug|Any CPU
		{31CD1EF0-1ADF-8E42-E33E-1FC59C8564F3}.Debug|Any CPU.Build.0 = Debug|Any CPU
		{31CD1EF0-1ADF-8E42-E33E-1FC59C8564F3}.Release|Any CPU.ActiveCfg = Release|Any CPU
		{31CD1EF0-1ADF-8E42-E33E-1FC59C8564F3}.Release|Any CPU.Build.0 = Release|Any CPU
		{27745D6C-CC0F-3AD6-BD96-067FDA93C571}.Debug|Any CPU.ActiveCfg = Debug|Any CPU
		{27745D6C-CC0F-3AD6-BD96-067FDA93C571}.Debug|Any CPU.Build.0 = Debug|Any CPU
		{27745D6C-CC0F-3AD6-BD96-067FDA93C571}.Release|Any CPU.ActiveCfg = Release|Any CPU
		{27745D6C-CC0F-3AD6-BD96-067FDA93C571}.Release|Any CPU.Build.0 = Release|Any CPU
	EndGlobalSection
	GlobalSection(SolutionProperties) = preSolution
		HideSolutionNode = FALSE
	EndGlobalSection
	GlobalSection(MonoDevelopProperties) = preSolution
		StartupItem = Assembly-CSharp.csproj
	EndGlobalSection
EndGlobal
